// !$*UTF8*$!
{
	archiveVersion = 1;
	classes = {
	};
	objectVersion = 50;
	objects = {

/* Begin PBXBuildFile section */
		083FA57B20C0041B0020592D /* AppDelegate.swift in Sources */ = {isa = PBXBuildFile; fileRef = 083FA57A20C0041B0020592D /* AppDelegate.swift */; };
		083FA57D20C0041B0020592D /* ViewController.swift in Sources */ = {isa = PBXBuildFile; fileRef = 083FA57C20C0041B0020592D /* ViewController.swift */; };
		083FA58020C0041B0020592D /* Main.storyboard in Resources */ = {isa = PBXBuildFile; fileRef = 083FA57E20C0041B0020592D /* Main.storyboard */; };
		083FA58320C0041B0020592D /* Playground_Space.xcdatamodeld in Sources */ = {isa = PBXBuildFile; fileRef = 083FA58120C0041B0020592D /* Playground_Space.xcdatamodeld */; };
		083FA58520C0041B0020592D /* Assets.xcassets in Resources */ = {isa = PBXBuildFile; fileRef = 083FA58420C0041B0020592D /* Assets.xcassets */; };
		083FA58820C0041B0020592D /* LaunchScreen.storyboard in Resources */ = {isa = PBXBuildFile; fileRef = 083FA58620C0041B0020592D /* LaunchScreen.storyboard */; };
		083FA59320C0041B0020592D /* Playground_SpaceTests.swift in Sources */ = {isa = PBXBuildFile; fileRef = 083FA59220C0041B0020592D /* Playground_SpaceTests.swift */; };
		083FA59E20C0041B0020592D /* Playground_SpaceUITests.swift in Sources */ = {isa = PBXBuildFile; fileRef = 083FA59D20C0041B0020592D /* Playground_SpaceUITests.swift */; };
/* End PBXBuildFile section */

/* Begin PBXContainerItemProxy section */
		083FA58F20C0041B0020592D /* PBXContainerItemProxy */ = {
			isa = PBXContainerItemProxy;
			containerPortal = 083FA56F20C0041A0020592D /* Project object */;
			proxyType = 1;
			remoteGlobalIDString = 083FA57620C0041A0020592D;
			remoteInfo = "Playground Space";
		};
		083FA59A20C0041B0020592D /* PBXContainerItemProxy */ = {
			isa = PBXContainerItemProxy;
			containerPortal = 083FA56F20C0041A0020592D /* Project object */;
			proxyType = 1;
			remoteGlobalIDString = 083FA57620C0041A0020592D;
			remoteInfo = "Playground Space";
		};
/* End PBXContainerItemProxy section */

/* Begin PBXFileReference section */
		083FA57720C0041B0020592D /* Playground Space.app */ = {isa = PBXFileReference; explicitFileType = wrapper.application; includeInIndex = 0; path = "Playground Space.app"; sourceTree = BUILT_PRODUCTS_DIR; };
		083FA57A20C0041B0020592D /* AppDelegate.swift */ = {isa = PBXFileReference; lastKnownFileType = sourcecode.swift; path = AppDelegate.swift; sourceTree = "<group>"; };
		083FA57C20C0041B0020592D /* ViewController.swift */ = {isa = PBXFileReference; lastKnownFileType = sourcecode.swift; path = ViewController.swift; sourceTree = "<group>"; };
		083FA57F20C0041B0020592D /* Base */ = {isa = PBXFileReference; lastKnownFileType = file.storyboard; name = Base; path = Base.lproj/Main.storyboard; sourceTree = "<group>"; };
		083FA58220C0041B0020592D /* Playground_Space.xcdatamodel */ = {isa = PBXFileReference; lastKnownFileType = wrapper.xcdatamodel; path = Playground_Space.xcdatamodel; sourceTree = "<group>"; };
		083FA58420C0041B0020592D /* Assets.xcassets */ = {isa = PBXFileReference; lastKnownFileType = folder.assetcatalog; path = Assets.xcassets; sourceTree = "<group>"; };
		083FA58720C0041B0020592D /* Base */ = {isa = PBXFileReference; lastKnownFileType = file.storyboard; name = Base; path = Base.lproj/LaunchScreen.storyboard; sourceTree = "<group>"; };
		083FA58920C0041B0020592D /* Info.plist */ = {isa = PBXFileReference; lastKnownFileType = text.plist.xml; path = Info.plist; sourceTree = "<group>"; };
		083FA58E20C0041B0020592D /* Playground SpaceTests.xctest */ = {isa = PBXFileReference; explicitFileType = wrapper.cfbundle; includeInIndex = 0; path = "Playground SpaceTests.xctest"; sourceTree = BUILT_PRODUCTS_DIR; };
		083FA59220C0041B0020592D /* Playground_SpaceTests.swift */ = {isa = PBXFileReference; lastKnownFileType = sourcecode.swift; path = Playground_SpaceTests.swift; sourceTree = "<group>"; };
		083FA59420C0041B0020592D /* Info.plist */ = {isa = PBXFileReference; lastKnownFileType = text.plist.xml; path = Info.plist; sourceTree = "<group>"; };
		083FA59920C0041B0020592D /* Playground SpaceUITests.xctest */ = {isa = PBXFileReference; explicitFileType = wrapper.cfbundle; includeInIndex = 0; path = "Playground SpaceUITests.xctest"; sourceTree = BUILT_PRODUCTS_DIR; };
		083FA59D20C0041B0020592D /* Playground_SpaceUITests.swift */ = {isa = PBXFileReference; lastKnownFileType = sourcecode.swift; path = Playground_SpaceUITests.swift; sourceTree = "<group>"; };
		083FA59F20C0041B0020592D /* Info.plist */ = {isa = PBXFileReference; lastKnownFileType = text.plist.xml; path = Info.plist; sourceTree = "<group>"; };
/* End PBXFileReference section */

/* Begin PBXFrameworksBuildPhase section */
		083FA57420C0041A0020592D /* Frameworks */ = {
			isa = PBXFrameworksBuildPhase;
			buildActionMask = 2147483647;
			files = (
			);
			runOnlyForDeploymentPostprocessing = 0;
		};
		083FA58B20C0041B0020592D /* Frameworks */ = {
			isa = PBXFrameworksBuildPhase;
			buildActionMask = 2147483647;
			files = (
			);
			runOnlyForDeploymentPostprocessing = 0;
		};
		083FA59620C0041B0020592D /* Frameworks */ = {
			isa = PBXFrameworksBuildPhase;
			buildActionMask = 2147483647;
			files = (
			);
			runOnlyForDeploymentPostprocessing = 0;
		};
/* End PBXFrameworksBuildPhase section */

/* Begin PBXGroup section */
		083FA56E20C0041A0020592D = {
			isa = PBXGroup;
			children = (
				083FA57920C0041B0020592D /* Playground Space */,
				083FA59120C0041B0020592D /* Playground SpaceTests */,
				083FA59C20C0041B0020592D /* Playground SpaceUITests */,
				083FA57820C0041B0020592D /* Products */,
			);
			sourceTree = "<group>";
		};
		083FA57820C0041B0020592D /* Products */ = {
			isa = PBXGroup;
			children = (
				083FA57720C0041B0020592D /* Playground Space.app */,
				083FA58E20C0041B0020592D /* Playground SpaceTests.xctest */,
				083FA59920C0041B0020592D /* Playground SpaceUITests.xctest */,
			);
			name = Products;
			sourceTree = "<group>";
		};
		083FA57920C0041B0020592D /* Playground Space */ = {
			isa = PBXGroup;
			children = (
				083FA57A20C0041B0020592D /* AppDelegate.swift */,
				083FA57C20C0041B0020592D /* ViewController.swift */,
				083FA57E20C0041B0020592D /* Main.storyboard */,
				083FA58420C0041B0020592D /* Assets.xcassets */,
				083FA58620C0041B0020592D /* LaunchScreen.storyboard */,
				083FA58920C0041B0020592D /* Info.plist */,
				083FA58120C0041B0020592D /* Playground_Space.xcdatamodeld */,
			);
			path = "Playground Space";
			sourceTree = "<group>";
		};
		083FA59120C0041B0020592D /* Playground SpaceTests */ = {
			isa = PBXGroup;
			children = (
				083FA59220C0041B0020592D /* Playground_SpaceTests.swift */,
				083FA59420C0041B0020592D /* Info.plist */,
			);
			path = "Playground SpaceTests";
			sourceTree = "<group>";
		};
		083FA59C20C0041B0020592D /* Playground SpaceUITests */ = {
			isa = PBXGroup;
			children = (
				083FA59D20C0041B0020592D /* Playground_SpaceUITests.swift */,
				083FA59F20C0041B0020592D /* Info.plist */,
			);
			path = "Playground SpaceUITests";
			sourceTree = "<group>";
		};
/* End PBXGroup section */

/* Begin PBXNativeTarget section */
		083FA57620C0041A0020592D /* Playground Space */ = {
			isa = PBXNativeTarget;
			buildConfigurationList = 083FA5A220C0041B0020592D /* Build configuration list for PBXNativeTarget "Playground Space" */;
			buildPhases = (
				083FA57320C0041A0020592D /* Sources */,
				083FA57420C0041A0020592D /* Frameworks */,
				083FA57520C0041A0020592D /* Resources */,
			);
			buildRules = (
			);
			dependencies = (
			);
			name = "Playground Space";
			productName = "Playground Space";
			productReference = 083FA57720C0041B0020592D /* Playground Space.app */;
			productType = "com.apple.product-type.application";
		};
		083FA58D20C0041B0020592D /* Playground SpaceTests */ = {
			isa = PBXNativeTarget;
			buildConfigurationList = 083FA5A520C0041B0020592D /* Build configuration list for PBXNativeTarget "Playground SpaceTests" */;
			buildPhases = (
				083FA58A20C0041B0020592D /* Sources */,
				083FA58B20C0041B0020592D /* Frameworks */,
				083FA58C20C0041B0020592D /* Resources */,
			);
			buildRules = (
			);
			dependencies = (
				083FA59020C0041B0020592D /* PBXTargetDependency */,
			);
			name = "Playground SpaceTests";
			productName = "Playground SpaceTests";
			productReference = 083FA58E20C0041B0020592D /* Playground SpaceTests.xctest */;
			productType = "com.apple.product-type.bundle.unit-test";
		};
		083FA59820C0041B0020592D /* Playground SpaceUITests */ = {
			isa = PBXNativeTarget;
			buildConfigurationList = 083FA5A820C0041B0020592D /* Build configuration list for PBXNativeTarget "Playground SpaceUITests" */;
			buildPhases = (
				083FA59520C0041B0020592D /* Sources */,
				083FA59620C0041B0020592D /* Frameworks */,
				083FA59720C0041B0020592D /* Resources */,
			);
			buildRules = (
			);
			dependencies = (
				083FA59B20C0041B0020592D /* PBXTargetDependency */,
			);
			name = "Playground SpaceUITests";
			productName = "Playground SpaceUITests";
			productReference = 083FA59920C0041B0020592D /* Playground SpaceUITests.xctest */;
			productType = "com.apple.product-type.bundle.ui-testing";
		};
/* End PBXNativeTarget section */

/* Begin PBXProject section */
		083FA56F20C0041A0020592D /* Project object */ = {
			isa = PBXProject;
			attributes = {
				LastSwiftUpdateCheck = 0930;
				LastUpgradeCheck = 0930;
				ORGANIZATIONNAME = "Rob Barber";
				TargetAttributes = {
					083FA57620C0041A0020592D = {
						CreatedOnToolsVersion = 9.3.1;
					};
					083FA58D20C0041B0020592D = {
						CreatedOnToolsVersion = 9.3.1;
						TestTargetID = 083FA57620C0041A0020592D;
					};
					083FA59820C0041B0020592D = {
						CreatedOnToolsVersion = 9.3.1;
						TestTargetID = 083FA57620C0041A0020592D;
					};
				};
			};
			buildConfigurationList = 083FA57220C0041A0020592D /* Build configuration list for PBXProject "Playground Space" */;
			compatibilityVersion = "Xcode 9.3";
			developmentRegion = en;
			hasScannedForEncodings = 0;
			knownRegions = (
				en,
				Base,
			);
			mainGroup = 083FA56E20C0041A0020592D;
			productRefGroup = 083FA57820C0041B0020592D /* Products */;
			projectDirPath = "";
			projectRoot = "";
			targets = (
				083FA57620C0041A0020592D /* Playground Space */,
				083FA58D20C0041B0020592D /* Playground SpaceTests */,
				083FA59820C0041B0020592D /* Playground SpaceUITests */,
			);
		};
/* End PBXProject section */

/* Begin PBXResourcesBuildPhase section */
		083FA57520C0041A0020592D /* Resources */ = {
			isa = PBXResourcesBuildPhase;
			buildActionMask = 2147483647;
			files = (
				083FA58820C0041B0020592D /* LaunchScreen.storyboard in Resources */,
				083FA58520C0041B0020592D /* Assets.xcassets in Resources */,
				083FA58020C0041B0020592D /* Main.storyboard in Resources */,
			);
			runOnlyForDeploymentPostprocessing = 0;
		};
		083FA58C20C0041B0020592D /* Resources */ = {
			isa = PBXResourcesBuildPhase;
			buildActionMask = 2147483647;
			files = (
			);
			runOnlyForDeploymentPostprocessing = 0;
		};
		083FA59720C0041B0020592D /* Resources */ = {
			isa = PBXResourcesBuildPhase;
			buildActionMask = 2147483647;
			files = (
			);
			runOnlyForDeploymentPostprocessing = 0;
		};
/* End PBXResourcesBuildPhase section */

/* Begin PBXSourcesBuildPhase section */
		083FA57320C0041A0020592D /* Sources */ = {
			isa = PBXSourcesBuildPhase;
			buildActionMask = 2147483647;
			files = (
				083FA58320C0041B0020592D /* Playground_Space.xcdatamodeld in Sources */,
				083FA57D20C0041B0020592D /* ViewController.swift in Sources */,
				083FA57B20C0041B0020592D /* AppDelegate.swift in Sources */,
			);
			runOnlyForDeploymentPostprocessing = 0;
		};
		083FA58A20C0041B0020592D /* Sources */ = {
			isa = PBXSourcesBuildPhase;
			buildActionMask = 2147483647;
			files = (
				083FA59320C0041B0020592D /* Playground_SpaceTests.swift in Sources */,
			);
			runOnlyForDeploymentPostprocessing = 0;
		};
		083FA59520C0041B0020592D /* Sources */ = {
			isa = PBXSourcesBuildPhase;
			buildActionMask = 2147483647;
			files = (
				083FA59E20C0041B0020592D /* Playground_SpaceUITests.swift in Sources */,
			);
			runOnlyForDeploymentPostprocessing = 0;
		};
/* End PBXSourcesBuildPhase section */

/* Begin PBXTargetDependency section */
		083FA59020C0041B0020592D /* PBXTargetDependency */ = {
			isa = PBXTargetDependency;
			target = 083FA57620C0041A0020592D /* Playground Space */;
			targetProxy = 083FA58F20C0041B0020592D /* PBXContainerItemProxy */;
		};
		083FA59B20C0041B0020592D /* PBXTargetDependency */ = {
			isa = PBXTargetDependency;
			target = 083FA57620C0041A0020592D /* Playground Space */;
			targetProxy = 083FA59A20C0041B0020592D /* PBXContainerItemProxy */;
		};
/* End PBXTargetDependency section */

/* Begin PBXVariantGroup section */
		083FA57E20C0041B0020592D /* Main.storyboard */ = {
			isa = PBXVariantGroup;
			children = (
				083FA57F20C0041B0020592D /* Base */,
			);
			name = Main.storyboard;
			sourceTree = "<group>";
		};
		083FA58620C0041B0020592D /* LaunchScreen.storyboard */ = {
			isa = PBXVariantGroup;
			children = (
				083FA58720C0041B0020592D /* Base */,
			);
			name = LaunchScreen.storyboard;
			sourceTree = "<group>";
		};
/* End PBXVariantGroup section */

/* Begin XCBuildConfiguration section */
		083FA5A020C0041B0020592D /* Debug */ = {
			isa = XCBuildConfiguration;
			buildSettings = {
				ALWAYS_SEARCH_USER_PATHS = NO;
				CLANG_ANALYZER_NONNULL = YES;
				CLANG_ANALYZER_NUMBER_OBJECT_CONVERSION = YES_AGGRESSIVE;
				CLANG_CXX_LANGUAGE_STANDARD = "gnu++14";
				CLANG_CXX_LIBRARY = "libc++";
				CLANG_ENABLE_MODULES = YES;
				CLANG_ENABLE_OBJC_ARC = YES;
				CLANG_ENABLE_OBJC_WEAK = YES;
				CLANG_WARN_BLOCK_CAPTURE_AUTORELEASING = YES;
				CLANG_WARN_BOOL_CONVERSION = YES;
				CLANG_WARN_COMMA = YES;
				CLANG_WARN_CONSTANT_CONVERSION = YES;
				CLANG_WARN_DEPRECATED_OBJC_IMPLEMENTATIONS = YES;
				CLANG_WARN_DIRECT_OBJC_ISA_USAGE = YES_ERROR;
				CLANG_WARN_DOCUMENTATION_COMMENTS = YES;
				CLANG_WARN_EMPTY_BODY = YES;
				CLANG_WARN_ENUM_CONVERSION = YES;
				CLANG_WARN_INFINITE_RECURSION = YES;
				CLANG_WARN_INT_CONVERSION = YES;
				CLANG_WARN_NON_LITERAL_NULL_CONVERSION = YES;
				CLANG_WARN_OBJC_IMPLICIT_RETAIN_SELF = YES;
				CLANG_WARN_OBJC_LITERAL_CONVERSION = YES;
				CLANG_WARN_OBJC_ROOT_CLASS = YES_ERROR;
				CLANG_WARN_RANGE_LOOP_ANALYSIS = YES;
				CLANG_WARN_STRICT_PROTOTYPES = YES;
				CLANG_WARN_SUSPICIOUS_MOVE = YES;
				CLANG_WARN_UNGUARDED_AVAILABILITY = YES_AGGRESSIVE;
				CLANG_WARN_UNREACHABLE_CODE = YES;
				CLANG_WARN__DUPLICATE_METHOD_MATCH = YES;
				CODE_SIGN_IDENTITY = "iPhone Developer";
				COPY_PHASE_STRIP = NO;
				DEBUG_INFORMATION_FORMAT = dwarf;
				ENABLE_STRICT_OBJC_MSGSEND = YES;
				ENABLE_TESTABILITY = YES;
				GCC_C_LANGUAGE_STANDARD = gnu11;
				GCC_DYNAMIC_NO_PIC = NO;
				GCC_NO_COMMON_BLOCKS = YES;
				GCC_OPTIMIZATION_LEVEL = 0;
				GCC_PREPROCESSOR_DEFINITIONS = (
					"DEBUG=1",
					"$(inherited)",
				);
				GCC_WARN_64_TO_32_BIT_CONVERSION = YES;
				GCC_WARN_ABOUT_RETURN_TYPE = YES_ERROR;
				GCC_WARN_UNDECLARED_SELECTOR = YES;
				GCC_WARN_UNINITIALIZED_AUTOS = YES_AGGRESSIVE;
				GCC_WARN_UNUSED_FUNCTION = YES;
				GCC_WARN_UNUSED_VARIABLE = YES;
				IPHONEOS_DEPLOYMENT_TARGET = 11.3;
				MTL_ENABLE_DEBUG_INFO = YES;
				ONLY_ACTIVE_ARCH = YES;
				SDKROOT = iphoneos;
				SWIFT_ACTIVE_COMPILATION_CONDITIONS = DEBUG;
				SWIFT_OPTIMIZATION_LEVEL = "-Onone";
			};
			name = Debug;
		};
		083FA5A120C0041B0020592D /* Release */ = {
			isa = XCBuildConfiguration;
			buildSettings = {
				ALWAYS_SEARCH_USER_PATHS = NO;
				CLANG_ANALYZER_NONNULL = YES;
				CLANG_ANALYZER_NUMBER_OBJECT_CONVERSION = YES_AGGRESSIVE;
				CLANG_CXX_LANGUAGE_STANDARD = "gnu++14";
				CLANG_CXX_LIBRARY = "libc++";
				CLANG_ENABLE_MODULES = YES;
				CLANG_ENABLE_OBJC_ARC = YES;
				CLANG_ENABLE_OBJC_WEAK = YES;
				CLANG_WARN_BLOCK_CAPTURE_AUTORELEASING = YES;
				CLANG_WARN_BOOL_CONVERSION = YES;
				CLANG_WARN_COMMA = YES;
				CLANG_WARN_CONSTANT_CONVERSION = YES;
				CLANG_WARN_DEPRECATED_OBJC_IMPLEMENTATIONS = YES;
				CLANG_WARN_DIRECT_OBJC_ISA_USAGE = YES_ERROR;
				CLANG_WARN_DOCUMENTATION_COMMENTS = YES;
				CLANG_WARN_EMPTY_BODY = YES;
				CLANG_WARN_ENUM_CONVERSION = YES;
				CLANG_WARN_INFINITE_RECURSION = YES;
				CLANG_WARN_INT_CONVERSION = YES;
				CLANG_WARN_NON_LITERAL_NULL_CONVERSION = YES;
				CLANG_WARN_OBJC_IMPLICIT_RETAIN_SELF = YES;
				CLANG_WARN_OBJC_LITERAL_CONVERSION = YES;
				CLANG_WARN_OBJC_ROOT_CLASS = YES_ERROR;
				CLANG_WARN_RANGE_LOOP_ANALYSIS = YES;
				CLANG_WARN_STRICT_PROTOTYPES = YES;
				CLANG_WARN_SUSPICIOUS_MOVE = YES;
				CLANG_WARN_UNGUARDED_AVAILABILITY = YES_AGGRESSIVE;
				CLANG_WARN_UNREACHABLE_CODE = YES;
				CLANG_WARN__DUPLICATE_METHOD_MATCH = YES;
				CODE_SIGN_IDENTITY = "iPhone Developer";
				COPY_PHASE_STRIP = NO;
				DEBUG_INFORMATION_FORMAT = "dwarf-with-dsym";
				ENABLE_NS_ASSERTIONS = NO;
				ENABLE_STRICT_OBJC_MSGSEND = YES;
				GCC_C_LANGUAGE_STANDARD = gnu11;
				GCC_NO_COMMON_BLOCKS = YES;
				GCC_WARN_64_TO_32_BIT_CONVERSION = YES;
				GCC_WARN_ABOUT_RETURN_TYPE = YES_ERROR;
				GCC_WARN_UNDECLARED_SELECTOR = YES;
				GCC_WARN_UNINITIALIZED_AUTOS = YES_AGGRESSIVE;
				GCC_WARN_UNUSED_FUNCTION = YES;
				GCC_WARN_UNUSED_VARIABLE = YES;
				IPHONEOS_DEPLOYMENT_TARGET = 11.3;
				MTL_ENABLE_DEBUG_INFO = NO;
				SDKROOT = iphoneos;
				SWIFT_COMPILATION_MODE = wholemodule;
				SWIFT_OPTIMIZATION_LEVEL = "-O";
				VALIDATE_PRODUCT = YES;
			};
			name = Release;
		};
		083FA5A320C0041B0020592D /* Debug */ = {
			isa = XCBuildConfiguration;
			buildSettings = {
				ASSETCATALOG_COMPILER_APPICON_NAME = AppIcon;
				CODE_SIGN_STYLE = Automatic;
				DEVELOPMENT_TEAM = L35UPK3UXC;
				INFOPLIST_FILE = "Playground Space/Info.plist";
				LD_RUNPATH_SEARCH_PATHS = (
					"$(inherited)",
					"@executable_path/Frameworks",
				);
				PRODUCT_BUNDLE_IDENTIFIER = "com.thecodingbarber.Playground-Space";
				PRODUCT_NAME = "$(TARGET_NAME)";
				SWIFT_VERSION = 4.0;
				TARGETED_DEVICE_FAMILY = "1,2";
			};
			name = Debug;
		};
		083FA5A420C0041B0020592D /* Release */ = {
			isa = XCBuildConfiguration;
			buildSettings = {
				ASSETCATALOG_COMPILER_APPICON_NAME = AppIcon;
				CODE_SIGN_STYLE = Automatic;
				DEVELOPMENT_TEAM = L35UPK3UXC;
				INFOPLIST_FILE = "Playground Space/Info.plist";
				LD_RUNPATH_SEARCH_PATHS = (
					"$(inherited)",
					"@executable_path/Frameworks",
				);
				PRODUCT_BUNDLE_IDENTIFIER = "com.thecodingbarber.Playground-Space";
				PRODUCT_NAME = "$(TARGET_NAME)";
				SWIFT_VERSION = 4.0;
				TARGETED_DEVICE_FAMILY = "1,2";
			};
			name = Release;
		};
		083FA5A620C0041B0020592D /* Debug */ = {
			isa = XCBuildConfiguration;
			buildSettings = {
				ALWAYS_EMBED_SWIFT_STANDARD_LIBRARIES = YES;
				BUNDLE_LOADER = "$(TEST_HOST)";
				CODE_SIGN_STYLE = Automatic;
				DEVELOPMENT_TEAM = L35UPK3UXC;
				INFOPLIST_FILE = "Playground SpaceTests/Info.plist";
				LD_RUNPATH_SEARCH_PATHS = (
					"$(inherited)",
					"@executable_path/Frameworks",
					"@loader_path/Frameworks",
				);
				PRODUCT_BUNDLE_IDENTIFIER = "com.thecodingbarber.Playground-SpaceTests";
				PRODUCT_NAME = "$(TARGET_NAME)";
				SWIFT_VERSION = 4.0;
				TARGETED_DEVICE_FAMILY = "1,2";
				TEST_HOST = "$(BUILT_PRODUCTS_DIR)/Playground Space.app/Playground Space";
			};
			name = Debug;
		};
		083FA5A720C0041B0020592D /* Release */ = {
			isa = XCBuildConfiguration;
			buildSettings = {
				ALWAYS_EMBED_SWIFT_STANDARD_LIBRARIES = YES;
				BUNDLE_LOADER = "$(TEST_HOST)";
				CODE_SIGN_STYLE = Automatic;
				DEVELOPMENT_TEAM = L35UPK3UXC;
				INFOPLIST_FILE = "Playground SpaceTests/Info.plist";
				LD_RUNPATH_SEARCH_PATHS = (
					"$(inherited)",
					"@executable_path/Frameworks",
					"@loader_path/Frameworks",
				);
				PRODUCT_BUNDLE_IDENTIFIER = "com.thecodingbarber.Playground-SpaceTests";
				PRODUCT_NAME = "$(TARGET_NAME)";
				SWIFT_VERSION = 4.0;
				TARGETED_DEVICE_FAMILY = "1,2";
				TEST_HOST = "$(BUILT_PRODUCTS_DIR)/Playground Space.app/Playground Space";
			};
			name = Release;
		};
		083FA5A920C0041B0020592D /* Debug */ = {
			isa = XCBuildConfiguration;
			buildSettings = {
				ALWAYS_EMBED_SWIFT_STANDARD_LIBRARIES = YES;
				CODE_SIGN_STYLE = Automatic;
				DEVELOPMENT_TEAM = L35UPK3UXC;
				INFOPLIST_FILE = "Playground SpaceUITests/Info.plist";
				LD_RUNPATH_SEARCH_PATHS = (
					"$(inherited)",
					"@executable_path/Frameworks",
					"@loader_path/Frameworks",
				);
				PRODUCT_BUNDLE_IDENTIFIER = "com.thecodingbarber.Playground-SpaceUITests";
				PRODUCT_NAME = "$(TARGET_NAME)";
				SWIFT_VERSION = 4.0;
				TARGETED_DEVICE_FAMILY = "1,2";
				TEST_TARGET_NAME = "Playground Space";
			};
			name = Debug;
		};
		083FA5AA20C0041B0020592D /* Release */ = {
			isa = XCBuildConfiguration;
			buildSettings = {
				ALWAYS_EMBED_SWIFT_STANDARD_LIBRARIES = YES;
				CODE_SIGN_STYLE = Automatic;
				DEVELOPMENT_TEAM = L35UPK3UXC;
				INFOPLIST_FILE = "Playground SpaceUITests/Info.plist";
				LD_RUNPATH_SEARCH_PATHS = (
					"$(inherited)",
					"@executable_path/Frameworks",
					"@loader_path/Frameworks",
				);
				PRODUCT_BUNDLE_IDENTIFIER = "com.thecodingbarber.Playground-SpaceUITests";
				PRODUCT_NAME = "$(TARGET_NAME)";
				SWIFT_VERSION = 4.0;
				TARGETED_DEVICE_FAMILY = "1,2";
				TEST_TARGET_NAME = "Playground Space";
			};
			name = Release;
		};
/* End XCBuildConfiguration section */

/* Begin XCConfigurationList section */
		083FA57220C0041A0020592D /* Build configuration list for PBXProject "Playground Space" */ = {
			isa = XCConfigurationList;
			buildConfigurations = (
				083FA5A020C0041B0020592D /* Debug */,
				083FA5A120C0041B0020592D /* Release */,
			);
			defaultConfigurationIsVisible = 0;
			defaultConfigurationName = Release;
		};
		083FA5A220C0041B0020592D /* Build configuration list for PBXNativeTarget "Playground Space" */ = {
			isa = XCConfigurationList;
			buildConfigurations = (
				083FA5A320C0041B0020592D /* Debug */,
				083FA5A420C0041B0020592D /* Release */,
			);
			defaultConfigurationIsVisible = 0;
			defaultConfigurationName = Release;
		};
		083FA5A520C0041B0020592D /* Build configuration list for PBXNativeTarget "Playground SpaceTests" */ = {
			isa = XCConfigurationList;
			buildConfigurations = (
				083FA5A620C0041B0020592D /* Debug */,
				083FA5A720C0041B0020592D /* Release */,
			);
			defaultConfigurationIsVisible = 0;
			defaultConfigurationName = Release;
		};
		083FA5A820C0041B0020592D /* Build configuration list for PBXNativeTarget "Playground SpaceUITests" */ = {
			isa = XCConfigurationList;
			buildConfigurations = (
				083FA5A920C0041B0020592D /* Debug */,
				083FA5AA20C0041B0020592D /* Release */,
			);
			defaultConfigurationIsVisible = 0;
			defaultConfigurationName = Release;
		};
/* End XCConfigurationList section */

/* Begin XCVersionGroup section */
		083FA58120C0041B0020592D /* Playground_Space.xcdatamodeld */ = {
			isa = XCVersionGroup;
			children = (
				083FA58220C0041B0020592D /* Playground_Space.xcdatamodel */,
			);
			currentVersion = 083FA58220C0041B0020592D /* Playground_Space.xcdatamodel */;
			path = Playground_Space.xcdatamodeld;
			sourceTree = "<group>";
			versionGroupType = wrapper.xcdatamodel;
		};
/* End XCVersionGroup section */
	};
	rootObject = 083FA56F20C0041A0020592D /* Project object */;
}
